# THIS IS AN AUTOGENERATED FILE. DO NOT EDIT THIS FILE DIRECTLY.
# yarn lockfile v1


"@tauri-apps/api@^1.0.0-rc.6":
  version "1.0.0-rc.6"
  resolved "https://registry.yarnpkg.com/@tauri-apps/api/-/api-1.0.0-rc.6.tgz#6c3358bc8c2cba705d52c1194e2d340cedf1697a"
  integrity sha512-/PbVs3/dUzid0/1XbML8tAkRSOmp+6Gv9ql02HGt3aIjNTvaL2902qEbiTX6xK++3oUoKJJ88t+V6IiNd1JUkw==
  dependencies:
    type-fest "2.12.2"

"@tauri-apps/cli-darwin-arm64@1.0.0-rc.12":
  version "1.0.0-rc.12"
  resolved "https://registry.yarnpkg.com/@tauri-apps/cli-darwin-arm64/-/cli-darwin-arm64-1.0.0-rc.12.tgz#08357d134815edf786711fe8f3b296c3b0a6c459"
  integrity sha512-x7k+zEPbqYWcZPiLziHkM7lJhv2ct4LXiQKl+bSwZRYuRPnZWhHCrP1GALW/EHz9U3hAzBikoZdY03NagZlr/g==

"@tauri-apps/cli-darwin-x64@1.0.0-rc.12":
  version "1.0.0-rc.12"
  resolved "https://registry.yarnpkg.com/@tauri-apps/cli-darwin-x64/-/cli-darwin-x64-1.0.0-rc.12.tgz#1e19dffa9c3a21c76d37f7014bef29ad192156bb"
  integrity sha512-R1LgPF9SL85MwAZTbfcwxwgN8jPQee2obFYS238PVrVEDPdH+La5yvuCm8WnsN10PrFSla1bL4k5aip+xH0icw==

"@tauri-apps/cli-linux-arm-gnueabihf@1.0.0-rc.12":
  version "1.0.0-rc.12"
  resolved "https://registry.yarnpkg.com/@tauri-apps/cli-linux-arm-gnueabihf/-/cli-linux-arm-gnueabihf-1.0.0-rc.12.tgz#4f33bf998889eb0292e74bb6d79f0e7b350f4d12"
  integrity sha512-zHTIMWjqCMbZCRudXfAFsp911iinP9yMK6Zme6rRmNnTziINPtxdwSu7phHGJvN5fTp8AB8oJMhAeD/2YIF/+g==

"@tauri-apps/cli-linux-arm64-gnu@1.0.0-rc.12":
  version "1.0.0-rc.12"
  resolved "https://registry.yarnpkg.com/@tauri-apps/cli-linux-arm64-gnu/-/cli-linux-arm64-gnu-1.0.0-rc.12.tgz#b962588f9302ed9d7ebd808848677a8641ba6792"
  integrity sha512-ZJLCQ+0US+CeGX11Tf/t96+eJn1pUHhRKe3SFIE5592q1GeV6EuCwcRoirOR/oSbadZyIy25uZU9hiccO0Q6fA==

"@tauri-apps/cli-linux-arm64-musl@1.0.0-rc.12":
  version "1.0.0-rc.12"
  resolved "https://registry.yarnpkg.com/@tauri-apps/cli-linux-arm64-musl/-/cli-linux-arm64-musl-1.0.0-rc.12.tgz#ae0dd7213a55552cb038414194de5b6bae311800"
  integrity sha512-5kSz0MnYTtGRW/vbu0NryMIlLTGQaGuei4mZPej4PaS1hyqK0NpgMyiOCqu/A3VJSg0QNi55ioEbooScfCobrw==

"@tauri-apps/cli-linux-x64-gnu@1.0.0-rc.12":
  version "1.0.0-rc.12"
  resolved "https://registry.yarnpkg.com/@tauri-apps/cli-linux-x64-gnu/-/cli-linux-x64-gnu-1.0.0-rc.12.tgz#4821a5a2c61e6106070fb3b2faf5dc4fb6712d69"
  integrity sha512-1R6MkFNB5DuLJkFMGL2zregskznyK5SVD4nWjqaVU1LeYuVjcTihG0VwtmUIcLolIaP0u0HIKBAEVHcCPkt8RQ==

"@tauri-apps/cli-linux-x64-musl@1.0.0-rc.12":
  version "1.0.0-rc.12"
  resolved "https://registry.yarnpkg.com/@tauri-apps/cli-linux-x64-musl/-/cli-linux-x64-musl-1.0.0-rc.12.tgz#c5b213403fe10994e5c985a3a2260bf745b48c17"
  integrity sha512-Rwr62lT/v09s0drmXzVi1nvhg1zFbKuraq8qkcRfBxRAEzw5/6rYviq4yTVroiD/tlmgRs0/Fsqsmg58vOnu4A==

"@tauri-apps/cli-win32-ia32-msvc@1.0.0-rc.12":
  version "1.0.0-rc.12"
  resolved "https://registry.yarnpkg.com/@tauri-apps/cli-win32-ia32-msvc/-/cli-win32-ia32-msvc-1.0.0-rc.12.tgz#e521c67f987310ee9b01c9f58289f3eb0388a583"
  integrity sha512-1c46yiiSu2QrOjMGkGdAfZHsNBHD552yxyvTHFeugEkhdsQB7frC3VNfOVI+EWL6zNfYnYUUqpvJN+xjhLTIeQ==

"@tauri-apps/cli-win32-x64-msvc@1.0.0-rc.12":
  version "1.0.0-rc.12"
  resolved "https://registry.yarnpkg.com/@tauri-apps/cli-win32-x64-msvc/-/cli-win32-x64-msvc-1.0.0-rc.12.tgz#d9f0390ed22309455aed138cc5c7b6fd5ea9fb8c"
  integrity sha512-EEW2BP+L86Cxab/nhEdYibu4BXFmOxYaT04Fcun/8JAQMKMGnDbnNUqsyeShW4s/OUdCuwGtRCQrz6vYG8EWOw==

"@tauri-apps/cli@^1.0.0-rc.12":
  version "1.0.0-rc.12"
  resolved "https://registry.yarnpkg.com/@tauri-apps/cli/-/cli-1.0.0-rc.12.tgz#e46e85849944294c3c40243c0de0bef8a5620d47"
  integrity sha512-dLIImrtFuVARezvhfzU5uukmT66g1wRlpIrhN/G0/OuAkI7sKLXMAvQkp4pIpcbQlfjdZl6MFtmkueoWJddCwQ==
  optionalDependencies:
    "@tauri-apps/cli-darwin-arm64" "1.0.0-rc.12"
    "@tauri-apps/cli-darwin-x64" "1.0.0-rc.12"
    "@tauri-apps/cli-linux-arm-gnueabihf" "1.0.0-rc.12"
    "@tauri-apps/cli-linux-arm64-gnu" "1.0.0-rc.12"
    "@tauri-apps/cli-linux-arm64-musl" "1.0.0-rc.12"
    "@tauri-apps/cli-linux-x64-gnu" "1.0.0-rc.12"
    "@tauri-apps/cli-linux-x64-musl" "1.0.0-rc.12"
    "@tauri-apps/cli-win32-ia32-msvc" "1.0.0-rc.12"
    "@tauri-apps/cli-win32-x64-msvc" "1.0.0-rc.12"

type-fest@2.12.2:
  version "2.12.2"
  resolved "https://registry.yarnpkg.com/type-fest/-/type-fest-2.12.2.tgz#80a53614e6b9b475eb9077472fb7498dc7aa51d0"
  integrity sha512-qt6ylCGpLjZ7AaODxbpyBZSs9fCI9SkL3Z9q2oxMBQhs/uyY+VD8jHA8ULCGmWQJlBgqvO3EJeAngOHD8zQCrQ==
