# THIS IS AN AUTOGENERATED FILE. DO NOT EDIT THIS FILE DIRECTLY.
# yarn lockfile v1


"@tauri-apps/api@2.0.0-beta.8":
  version "2.0.0-beta.8"
  resolved "https://registry.npmjs.org/@tauri-apps/api/-/api-2.0.0-beta.8.tgz"
  integrity sha512-fN5u+9HsSfhRaXGOdD2kPGbqDgyX+nkm1XF/4d/LNuM4WiNfvHjjRAqWQYBhQsg1aF9nsTPmSW+tmy+Yn5T5+A==

"@tauri-apps/cli-win32-x64-msvc@2.0.0-beta.13":
  version "2.0.0-beta.13"
  resolved "https://registry.npmjs.org/@tauri-apps/cli-win32-x64-msvc/-/cli-win32-x64-msvc-2.0.0-beta.13.tgz"
  integrity sha512-aQRwG/dc9zScIzCst646uyprppxc1Gx4jFJUw4yAEikO32SOS+90c8NFEj6H3HtZBmhzfI3JDxrGJl7ORAOCCQ==

"@tauri-apps/cli@^2.0.0-beta.13":
  version "2.0.0-beta.13"
  resolved "https://registry.npmjs.org/@tauri-apps/cli/-/cli-2.0.0-beta.13.tgz"
  integrity sha512-Kp0zSvrhXrOQL+8evRMJufnDYDinWXaBb1Un8x4cptrM0GAKjYddV4vjNsXvEyjlXv0S+SWJD0OUNHQyMDUlAg==
  optionalDependencies:
    "@tauri-apps/cli-darwin-arm64" "2.0.0-beta.13"
    "@tauri-apps/cli-darwin-x64" "2.0.0-beta.13"
    "@tauri-apps/cli-linux-arm-gnueabihf" "2.0.0-beta.13"
    "@tauri-apps/cli-linux-arm64-gnu" "2.0.0-beta.13"
    "@tauri-apps/cli-linux-arm64-musl" "2.0.0-beta.13"
    "@tauri-apps/cli-linux-x64-gnu" "2.0.0-beta.13"
    "@tauri-apps/cli-linux-x64-musl" "2.0.0-beta.13"
    "@tauri-apps/cli-win32-arm64-msvc" "2.0.0-beta.13"
    "@tauri-apps/cli-win32-ia32-msvc" "2.0.0-beta.13"
    "@tauri-apps/cli-win32-x64-msvc" "2.0.0-beta.13"
